PODS:
  - Alamofire (5.4.3)
  - Socket.IO-Client-Swift (13.4.0):
    - Starscream (~> 3.0.2)
  - Starscream (3.0.6)
  - VWO (2.7.0):
    - VWO/All (= 2.7.0)
  - VWO/All (2.7.0):
    - Socket.IO-Client-Swift (~> 13.1)

DEPENDENCIES:
  - Alamofire
  - VWO

SPEC REPOS:
  trunk:
    - Alamofire
    - Socket.IO-Client-Swift
    - Starscream
    - VWO

SPEC CHECKSUMS:
  Alamofire: e447a2774a40c996748296fa2c55112fdbbc42f9
  Socket.IO-Client-Swift: 2b2720f14c92ff1237ced09bc2f2da2022624fee
  Starscream: ef3ece99d765eeccb67de105bfa143f929026cf5
  VWO: f86cb4e2df45c2c04188800ebcede0da0ae10e4c

PODFILE CHECKSUM: b51f5725f729038afd0b60c203919685d1b1a1fe

COCOAPODS: 1.10.1
